
Microsoft Visual Studio Solution File, Format Version 12.00
# Visual Studio 15
VisualStudioVersion = 15.0.26124.0
MinimumVisualStudioVersion = 15.0.26124.0
Project("{2150E333-8FDC-42A3-9474-1A3956D46DE8}") = "src", "src", "{C1A18FF9-0E75-4B46-8612-B60516A7FDC0}"
EndProject
Project("{FAE04EC0-301F-11D3-BF4B-00C04F79EFBC}") = "MikoIam.Workflows.Engine", "src\MikoIam.Workflows.Engine\MikoIam.Workflows.Engine.csproj", "{D8B42100-6DB1-4EBA-A743-B62DFFFAB8D8}"
EndProject
Project("{FAE04EC0-301F-11D3-BF4B-00C04F79EFBC}") = "MikoIam.Workflows.MassTransit", "src\MikoIam.Workflows.MassTransit\MikoIam.Workflows.MassTransit.csproj", "{44AA92E9-081E-4205-98FC-2CBB8E74B24F}"
EndProject
Project("{2150E333-8FDC-42A3-9474-1A3956D46DE8}") = "test", "test", "{246CDA2A-D441-4DC6-8443-A0AF17D7C684}"
EndProject
Project("{FAE04EC0-301F-11D3-BF4B-00C04F79EFBC}") = "MikoIam.Workflows.Engine.Tests", "test\MikoIam.Workflows.Engine.Tests\MikoIam.Workflows.Engine.Tests.csproj", "{6DB58F6A-4889-4047-8CF9-2C112945D92C}"
EndProject
Project("{FAE04EC0-301F-11D3-BF4B-00C04F79EFBC}") = "MikoIam.Workflows.MassTransit.Tests", "test\MikoIam.Workflows.MassTransit.Tests\MikoIam.Workflows.MassTransit.Tests.csproj", "{BF69A5AE-31F7-4083-9EEC-0046609334D7}"
EndProject
Project("{2150E333-8FDC-42A3-9474-1A3956D46DE8}") = "doc", "doc", "{2FE50D3D-7E73-4C15-95D9-D91DA0707959}"
ProjectSection(SolutionItems) = preProject
	doc\TODO.md = doc\TODO.md
EndProjectSection
EndProject
Global
	GlobalSection(SolutionConfigurationPlatforms) = preSolution
		Debug|Any CPU = Debug|Any CPU
		Debug|x64 = Debug|x64
		Debug|x86 = Debug|x86
		Release|Any CPU = Release|Any CPU
		Release|x64 = Release|x64
		Release|x86 = Release|x86
	EndGlobalSection
	GlobalSection(SolutionProperties) = preSolution
		HideSolutionNode = FALSE
	EndGlobalSection
	GlobalSection(ProjectConfigurationPlatforms) = postSolution
		{D8B42100-6DB1-4EBA-A743-B62DFFFAB8D8}.Debug|Any CPU.ActiveCfg = Debug|Any CPU
		{D8B42100-6DB1-4EBA-A743-B62DFFFAB8D8}.Debug|Any CPU.Build.0 = Debug|Any CPU
		{D8B42100-6DB1-4EBA-A743-B62DFFFAB8D8}.Debug|x64.ActiveCfg = Debug|Any CPU
		{D8B42100-6DB1-4EBA-A743-B62DFFFAB8D8}.Debug|x64.Build.0 = Debug|Any CPU
		{D8B42100-6DB1-4EBA-A743-B62DFFFAB8D8}.Debug|x86.ActiveCfg = Debug|Any CPU
		{D8B42100-6DB1-4EBA-A743-B62DFFFAB8D8}.Debug|x86.Build.0 = Debug|Any CPU
		{D8B42100-6DB1-4EBA-A743-B62DFFFAB8D8}.Release|Any CPU.ActiveCfg = Release|Any CPU
		{D8B42100-6DB1-4EBA-A743-B62DFFFAB8D8}.Release|Any CPU.Build.0 = Release|Any CPU
		{D8B42100-6DB1-4EBA-A743-B62DFFFAB8D8}.Release|x64.ActiveCfg = Release|Any CPU
		{D8B42100-6DB1-4EBA-A743-B62DFFFAB8D8}.Release|x64.Build.0 = Release|Any CPU
		{D8B42100-6DB1-4EBA-A743-B62DFFFAB8D8}.Release|x86.ActiveCfg = Release|Any CPU
		{D8B42100-6DB1-4EBA-A743-B62DFFFAB8D8}.Release|x86.Build.0 = Release|Any CPU
		{44AA92E9-081E-4205-98FC-2CBB8E74B24F}.Debug|Any CPU.ActiveCfg = Debug|Any CPU
		{44AA92E9-081E-4205-98FC-2CBB8E74B24F}.Debug|Any CPU.Build.0 = Debug|Any CPU
		{44AA92E9-081E-4205-98FC-2CBB8E74B24F}.Debug|x64.ActiveCfg = Debug|Any CPU
		{44AA92E9-081E-4205-98FC-2CBB8E74B24F}.Debug|x64.Build.0 = Debug|Any CPU
		{44AA92E9-081E-4205-98FC-2CBB8E74B24F}.Debug|x86.ActiveCfg = Debug|Any CPU
		{44AA92E9-081E-4205-98FC-2CBB8E74B24F}.Debug|x86.Build.0 = Debug|Any CPU
		{44AA92E9-081E-4205-98FC-2CBB8E74B24F}.Release|Any CPU.ActiveCfg = Release|Any CPU
		{44AA92E9-081E-4205-98FC-2CBB8E74B24F}.Release|Any CPU.Build.0 = Release|Any CPU
		{44AA92E9-081E-4205-98FC-2CBB8E74B24F}.Release|x64.ActiveCfg = Release|Any CPU
		{44AA92E9-081E-4205-98FC-2CBB8E74B24F}.Release|x64.Build.0 = Release|Any CPU
		{44AA92E9-081E-4205-98FC-2CBB8E74B24F}.Release|x86.ActiveCfg = Release|Any CPU
		{44AA92E9-081E-4205-98FC-2CBB8E74B24F}.Release|x86.Build.0 = Release|Any CPU
		{6DB58F6A-4889-4047-8CF9-2C112945D92C}.Debug|Any CPU.ActiveCfg = Debug|Any CPU
		{6DB58F6A-4889-4047-8CF9-2C112945D92C}.Debug|Any CPU.Build.0 = Debug|Any CPU
		{6DB58F6A-4889-4047-8CF9-2C112945D92C}.Debug|x64.ActiveCfg = Debug|Any CPU
		{6DB58F6A-4889-4047-8CF9-2C112945D92C}.Debug|x64.Build.0 = Debug|Any CPU
		{6DB58F6A-4889-4047-8CF9-2C112945D92C}.Debug|x86.ActiveCfg = Debug|Any CPU
		{6DB58F6A-4889-4047-8CF9-2C112945D92C}.Debug|x86.Build.0 = Debug|Any CPU
		{6DB58F6A-4889-4047-8CF9-2C112945D92C}.Release|Any CPU.ActiveCfg = Release|Any CPU
		{6DB58F6A-4889-4047-8CF9-2C112945D92C}.Release|Any CPU.Build.0 = Release|Any CPU
		{6DB58F6A-4889-4047-8CF9-2C112945D92C}.Release|x64.ActiveCfg = Release|Any CPU
		{6DB58F6A-4889-4047-8CF9-2C112945D92C}.Release|x64.Build.0 = Release|Any CPU
		{6DB58F6A-4889-4047-8CF9-2C112945D92C}.Release|x86.ActiveCfg = Release|Any CPU
		{6DB58F6A-4889-4047-8CF9-2C112945D92C}.Release|x86.Build.0 = Release|Any CPU
		{BF69A5AE-31F7-4083-9EEC-0046609334D7}.Debug|Any CPU.ActiveCfg = Debug|Any CPU
		{BF69A5AE-31F7-4083-9EEC-0046609334D7}.Debug|Any CPU.Build.0 = Debug|Any CPU
		{BF69A5AE-31F7-4083-9EEC-0046609334D7}.Debug|x64.ActiveCfg = Debug|Any CPU
		{BF69A5AE-31F7-4083-9EEC-0046609334D7}.Debug|x64.Build.0 = Debug|Any CPU
		{BF69A5AE-31F7-4083-9EEC-0046609334D7}.Debug|x86.ActiveCfg = Debug|Any CPU
		{BF69A5AE-31F7-4083-9EEC-0046609334D7}.Debug|x86.Build.0 = Debug|Any CPU
		{BF69A5AE-31F7-4083-9EEC-0046609334D7}.Release|Any CPU.ActiveCfg = Release|Any CPU
		{BF69A5AE-31F7-4083-9EEC-0046609334D7}.Release|Any CPU.Build.0 = Release|Any CPU
		{BF69A5AE-31F7-4083-9EEC-0046609334D7}.Release|x64.ActiveCfg = Release|Any CPU
		{BF69A5AE-31F7-4083-9EEC-0046609334D7}.Release|x64.Build.0 = Release|Any CPU
		{BF69A5AE-31F7-4083-9EEC-0046609334D7}.Release|x86.ActiveCfg = Release|Any CPU
		{BF69A5AE-31F7-4083-9EEC-0046609334D7}.Release|x86.Build.0 = Release|Any CPU
	EndGlobalSection
	GlobalSection(NestedProjects) = preSolution
		{D8B42100-6DB1-4EBA-A743-B62DFFFAB8D8} = {C1A18FF9-0E75-4B46-8612-B60516A7FDC0}
		{44AA92E9-081E-4205-98FC-2CBB8E74B24F} = {C1A18FF9-0E75-4B46-8612-B60516A7FDC0}
		{6DB58F6A-4889-4047-8CF9-2C112945D92C} = {246CDA2A-D441-4DC6-8443-A0AF17D7C684}
		{BF69A5AE-31F7-4083-9EEC-0046609334D7} = {246CDA2A-D441-4DC6-8443-A0AF17D7C684}
	EndGlobalSection
EndGlobal
